// !$*UTF8*$!
{
	archiveVersion = 1;
	classes = {
	};
	objectVersion = 52;
	objects = {

/* Begin PBXBuildFile section */
		E40543D42506A2B600202146 /* Constants.swift in Sources */ = {isa = PBXBuildFile; fileRef = E40543D32506A2B600202146 /* Constants.swift */; };
		E4484935250E95D50079EC0E /* GoogleAppMeasurement.framework in Frameworks */ = {isa = PBXBuildFile; fileRef = E4484931250E95D30079EC0E /* GoogleAppMeasurement.framework */; };
		E4484936250E95D50079EC0E /* GoogleMobileAds.framework in Frameworks */ = {isa = PBXBuildFile; fileRef = E4484932250E95D50079EC0E /* GoogleMobileAds.framework */; };
		E4484937250E95D50079EC0E /* nanopb.xcframework in Frameworks */ = {isa = PBXBuildFile; fileRef = E4484933250E95D50079EC0E /* nanopb.xcframework */; };
		E4484938250E95D50079EC0E /* GoogleUtilities.xcframework in Frameworks */ = {isa = PBXBuildFile; fileRef = E4484934250E95D50079EC0E /* GoogleUtilities.xcframework */; };
		E448493A250E96E90079EC0E /* PromisesObjC.xcframework in Frameworks */ = {isa = PBXBuildFile; fileRef = E4484939250E96E90079EC0E /* PromisesObjC.xcframework */; };
		E458BAA024F5422200BE87AD /* TokenManager.swift in Sources */ = {isa = PBXBuildFile; fileRef = E458BA9F24F5422200BE87AD /* TokenManager.swift */; };
		E4C509A52515238D009B52B6 /* Banner.swift in Sources */ = {isa = PBXBuildFile; fileRef = E4C509A42515238D009B52B6 /* Banner.swift */; };
		E4E8810F24F400C700FB7119 /* Assets.xcassets in Resources */ = {isa = PBXBuildFile; fileRef = E4E8810E24F400C700FB7119 /* Assets.xcassets */; };
		E4E8811224F400C700FB7119 /* Preview Assets.xcassets in Resources */ = {isa = PBXBuildFile; fileRef = E4E8811124F400C700FB7119 /* Preview Assets.xcassets */; };
		E4E8811524F400C700FB7119 /* LaunchScreen.storyboard in Resources */ = {isa = PBXBuildFile; fileRef = E4E8811324F400C700FB7119 /* LaunchScreen.storyboard */; };
		E4E8813C24F401CE00FB7119 /* RuleView.swift in Sources */ = {isa = PBXBuildFile; fileRef = E4E8811D24F401CE00FB7119 /* RuleView.swift */; };
		E4E8813D24F401CE00FB7119 /* MapView.swift in Sources */ = {isa = PBXBuildFile; fileRef = E4E8811E24F401CE00FB7119 /* MapView.swift */; };
		E4E8813E24F401CE00FB7119 /* RulesListView.swift in Sources */ = {isa = PBXBuildFile; fileRef = E4E8811F24F401CE00FB7119 /* RulesListView.swift */; };
		E4E8813F24F401CE00FB7119 /* EditRuleView.swift in Sources */ = {isa = PBXBuildFile; fileRef = E4E8812024F401CE00FB7119 /* EditRuleView.swift */; };
		E4E8814024F401CE00FB7119 /* StationView.swift in Sources */ = {isa = PBXBuildFile; fileRef = E4E8812124F401CE00FB7119 /* StationView.swift */; };
		E4E8814124F401CE00FB7119 /* ContentView.swift in Sources */ = {isa = PBXBuildFile; fileRef = E4E8812224F401CE00FB7119 /* ContentView.swift */; };
		E4E8814224F401CE00FB7119 /* RulesList.swift in Sources */ = {isa = PBXBuildFile; fileRef = E4E8812424F401CE00FB7119 /* RulesList.swift */; };
		E4E8814324F401CE00FB7119 /* Measurement.swift in Sources */ = {isa = PBXBuildFile; fileRef = E4E8812524F401CE00FB7119 /* Measurement.swift */; };
		E4E8814424F401CE00FB7119 /* Station.swift in Sources */ = {isa = PBXBuildFile; fileRef = E4E8812624F401CE00FB7119 /* Station.swift */; };
		E4E8814524F401CE00FB7119 /* Rule.swift in Sources */ = {isa = PBXBuildFile; fileRef = E4E8812724F401CE00FB7119 /* Rule.swift */; };
		E4E8814624F401CE00FB7119 /* MesasurementsList.swift in Sources */ = {isa = PBXBuildFile; fileRef = E4E8812824F401CE00FB7119 /* MesasurementsList.swift */; };
		E4E8814824F401CE00FB7119 /* Agent.swift in Sources */ = {isa = PBXBuildFile; fileRef = E4E8812B24F401CE00FB7119 /* Agent.swift */; };
		E4E8814924F401CE00FB7119 /* MeteoAvisoAPI.swift in Sources */ = {isa = PBXBuildFile; fileRef = E4E8812C24F401CE00FB7119 /* MeteoAvisoAPI.swift */; };
		E4E8814B24F401CE00FB7119 /* MeasurementAnnotation.swift in Sources */ = {isa = PBXBuildFile; fileRef = E4E8812F24F401CE00FB7119 /* MeasurementAnnotation.swift */; };
		E4E8814C24F401CE00FB7119 /* StationAnnotation.swift in Sources */ = {isa = PBXBuildFile; fileRef = E4E8813024F401CE00FB7119 /* StationAnnotation.swift */; };
		E4E8814D24F401CE00FB7119 /* MarkerMeasurementView.swift in Sources */ = {isa = PBXBuildFile; fileRef = E4E8813124F401CE00FB7119 /* MarkerMeasurementView.swift */; };
		E4E8814E24F401CE00FB7119 /* LocationManager.swift in Sources */ = {isa = PBXBuildFile; fileRef = E4E8813224F401CE00FB7119 /* LocationManager.swift */; };
		E4E8815024F401CE00FB7119 /* Spinner.swift in Sources */ = {isa = PBXBuildFile; fileRef = E4E8813524F401CE00FB7119 /* Spinner.swift */; };
		E4E8815324F401CE00FB7119 /* NavigationConfigurator.swift in Sources */ = {isa = PBXBuildFile; fileRef = E4E8813824F401CE00FB7119 /* NavigationConfigurator.swift */; };
		E4E8815424F401CE00FB7119 /* AppDelegate.swift in Sources */ = {isa = PBXBuildFile; fileRef = E4E8813A24F401CE00FB7119 /* AppDelegate.swift */; };
		E4E8815524F401CE00FB7119 /* SceneDelegate.swift in Sources */ = {isa = PBXBuildFile; fileRef = E4E8813B24F401CE00FB7119 /* SceneDelegate.swift */; };
/* End PBXBuildFile section */

/* Begin PBXFileReference section */
		E40543D32506A2B600202146 /* Constants.swift */ = {isa = PBXFileReference; lastKnownFileType = sourcecode.swift; path = Constants.swift; sourceTree = "<group>"; };
		E4484931250E95D30079EC0E /* GoogleAppMeasurement.framework */ = {isa = PBXFileReference; lastKnownFileType = wrapper.framework; path = GoogleAppMeasurement.framework; sourceTree = "<group>"; };
		E4484932250E95D50079EC0E /* GoogleMobileAds.framework */ = {isa = PBXFileReference; lastKnownFileType = wrapper.framework; path = GoogleMobileAds.framework; sourceTree = "<group>"; };
		E4484933250E95D50079EC0E /* nanopb.xcframework */ = {isa = PBXFileReference; lastKnownFileType = wrapper.xcframework; path = nanopb.xcframework; sourceTree = "<group>"; };
		E4484934250E95D50079EC0E /* GoogleUtilities.xcframework */ = {isa = PBXFileReference; lastKnownFileType = wrapper.xcframework; path = GoogleUtilities.xcframework; sourceTree = "<group>"; };
		E4484939250E96E90079EC0E /* PromisesObjC.xcframework */ = {isa = PBXFileReference; lastKnownFileType = wrapper.xcframework; path = PromisesObjC.xcframework; sourceTree = "<group>"; };
		E458BA9F24F5422200BE87AD /* TokenManager.swift */ = {isa = PBXFileReference; lastKnownFileType = sourcecode.swift; path = TokenManager.swift; sourceTree = "<group>"; };
		E458BAA124F8E2A300BE87AD /* MeteoAvisoRelease.entitlements */ = {isa = PBXFileReference; lastKnownFileType = text.plist.entitlements; path = MeteoAvisoRelease.entitlements; sourceTree = "<group>"; };
		E4C509A42515238D009B52B6 /* Banner.swift */ = {isa = PBXFileReference; lastKnownFileType = sourcecode.swift; path = Banner.swift; sourceTree = "<group>"; };
		E4E8810524F400C500FB7119 /* MeteoAviso.app */ = {isa = PBXFileReference; explicitFileType = wrapper.application; includeInIndex = 0; path = MeteoAviso.app; sourceTree = BUILT_PRODUCTS_DIR; };
		E4E8810E24F400C700FB7119 /* Assets.xcassets */ = {isa = PBXFileReference; lastKnownFileType = folder.assetcatalog; path = Assets.xcassets; sourceTree = "<group>"; };
		E4E8811124F400C700FB7119 /* Preview Assets.xcassets */ = {isa = PBXFileReference; lastKnownFileType = folder.assetcatalog; path = "Preview Assets.xcassets"; sourceTree = "<group>"; };
		E4E8811424F400C700FB7119 /* Base */ = {isa = PBXFileReference; lastKnownFileType = file.storyboard; name = Base; path = Base.lproj/LaunchScreen.storyboard; sourceTree = "<group>"; };
		E4E8811624F400C700FB7119 /* Info.plist */ = {isa = PBXFileReference; lastKnownFileType = text.plist.xml; path = Info.plist; sourceTree = "<group>"; };
		E4E8811D24F401CE00FB7119 /* RuleView.swift */ = {isa = PBXFileReference; fileEncoding = 4; lastKnownFileType = sourcecode.swift; path = RuleView.swift; sourceTree = "<group>"; };
		E4E8811E24F401CE00FB7119 /* MapView.swift */ = {isa = PBXFileReference; fileEncoding = 4; lastKnownFileType = sourcecode.swift; path = MapView.swift; sourceTree = "<group>"; };
		E4E8811F24F401CE00FB7119 /* RulesListView.swift */ = {isa = PBXFileReference; fileEncoding = 4; lastKnownFileType = sourcecode.swift; path = RulesListView.swift; sourceTree = "<group>"; };
		E4E8812024F401CE00FB7119 /* EditRuleView.swift */ = {isa = PBXFileReference; fileEncoding = 4; lastKnownFileType = sourcecode.swift; path = EditRuleView.swift; sourceTree = "<group>"; };
		E4E8812124F401CE00FB7119 /* StationView.swift */ = {isa = PBXFileReference; fileEncoding = 4; lastKnownFileType = sourcecode.swift; path = StationView.swift; sourceTree = "<group>"; };
		E4E8812224F401CE00FB7119 /* ContentView.swift */ = {isa = PBXFileReference; fileEncoding = 4; lastKnownFileType = sourcecode.swift; path = ContentView.swift; sourceTree = "<group>"; };
		E4E8812424F401CE00FB7119 /* RulesList.swift */ = {isa = PBXFileReference; fileEncoding = 4; lastKnownFileType = sourcecode.swift; path = RulesList.swift; sourceTree = "<group>"; };
		E4E8812524F401CE00FB7119 /* Measurement.swift */ = {isa = PBXFileReference; fileEncoding = 4; lastKnownFileType = sourcecode.swift; path = Measurement.swift; sourceTree = "<group>"; };
		E4E8812624F401CE00FB7119 /* Station.swift */ = {isa = PBXFileReference; fileEncoding = 4; lastKnownFileType = sourcecode.swift; path = Station.swift; sourceTree = "<group>"; };
		E4E8812724F401CE00FB7119 /* Rule.swift */ = {isa = PBXFileReference; fileEncoding = 4; lastKnownFileType = sourcecode.swift; path = Rule.swift; sourceTree = "<group>"; };
		E4E8812824F401CE00FB7119 /* MesasurementsList.swift */ = {isa = PBXFileReference; fileEncoding = 4; lastKnownFileType = sourcecode.swift; path = MesasurementsList.swift; sourceTree = "<group>"; };
		E4E8812B24F401CE00FB7119 /* Agent.swift */ = {isa = PBXFileReference; fileEncoding = 4; lastKnownFileType = sourcecode.swift; path = Agent.swift; sourceTree = "<group>"; };
		E4E8812C24F401CE00FB7119 /* MeteoAvisoAPI.swift */ = {isa = PBXFileReference; fileEncoding = 4; lastKnownFileType = sourcecode.swift; path = MeteoAvisoAPI.swift; sourceTree = "<group>"; };
		E4E8812F24F401CE00FB7119 /* MeasurementAnnotation.swift */ = {isa = PBXFileReference; fileEncoding = 4; lastKnownFileType = sourcecode.swift; path = MeasurementAnnotation.swift; sourceTree = "<group>"; };
		E4E8813024F401CE00FB7119 /* StationAnnotation.swift */ = {isa = PBXFileReference; fileEncoding = 4; lastKnownFileType = sourcecode.swift; path = StationAnnotation.swift; sourceTree = "<group>"; };
		E4E8813124F401CE00FB7119 /* MarkerMeasurementView.swift */ = {isa = PBXFileReference; fileEncoding = 4; lastKnownFileType = sourcecode.swift; path = MarkerMeasurementView.swift; sourceTree = "<group>"; };
		E4E8813224F401CE00FB7119 /* LocationManager.swift */ = {isa = PBXFileReference; fileEncoding = 4; lastKnownFileType = sourcecode.swift; path = LocationManager.swift; sourceTree = "<group>"; };
		E4E8813524F401CE00FB7119 /* Spinner.swift */ = {isa = PBXFileReference; fileEncoding = 4; lastKnownFileType = sourcecode.swift; path = Spinner.swift; sourceTree = "<group>"; };
		E4E8813824F401CE00FB7119 /* NavigationConfigurator.swift */ = {isa = PBXFileReference; fileEncoding = 4; lastKnownFileType = sourcecode.swift; path = NavigationConfigurator.swift; sourceTree = "<group>"; };
		E4E8813A24F401CE00FB7119 /* AppDelegate.swift */ = {isa = PBXFileReference; fileEncoding = 4; lastKnownFileType = sourcecode.swift; path = AppDelegate.swift; sourceTree = "<group>"; };
		E4E8813B24F401CE00FB7119 /* SceneDelegate.swift */ = {isa = PBXFileReference; fileEncoding = 4; lastKnownFileType = sourcecode.swift; path = SceneDelegate.swift; sourceTree = "<group>"; };
/* End PBXFileReference section */

/* Begin PBXFrameworksBuildPhase section */
		E4E8810224F400C500FB7119 /* Frameworks */ = {
			isa = PBXFrameworksBuildPhase;
			buildActionMask = 2147483647;
			files = (
				E4484937250E95D50079EC0E /* nanopb.xcframework in Frameworks */,
				E4484936250E95D50079EC0E /* GoogleMobileAds.framework in Frameworks */,
				E4484935250E95D50079EC0E /* GoogleAppMeasurement.framework in Frameworks */,
				E4484938250E95D50079EC0E /* GoogleUtilities.xcframework in Frameworks */,
				E448493A250E96E90079EC0E /* PromisesObjC.xcframework in Frameworks */,
			);
			runOnlyForDeploymentPostprocessing = 0;
		};
/* End PBXFrameworksBuildPhase section */

/* Begin PBXGroup section */
		E4E880FC24F400C500FB7119 = {
			isa = PBXGroup;
			children = (
				E4E8810724F400C500FB7119 /* MeteoAviso */,
				E4E8810624F400C500FB7119 /* Products */,
				E4E9F380250E9008009B8C58 /* Frameworks */,
			);
			sourceTree = "<group>";
		};
		E4E8810624F400C500FB7119 /* Products */ = {
			isa = PBXGroup;
			children = (
				E4E8810524F400C500FB7119 /* MeteoAviso.app */,
			);
			name = Products;
			sourceTree = "<group>";
		};
		E4E8810724F400C500FB7119 /* MeteoAviso */ = {
			isa = PBXGroup;
			children = (
				E458BAA124F8E2A300BE87AD /* MeteoAvisoRelease.entitlements */,
				E4E8813924F401CE00FB7119 /* App */,
				E4E8811C24F401CE00FB7119 /* Main Views */,
				E4E8812D24F401CE00FB7119 /* Map Support */,
				E4E8812324F401CE00FB7119 /* Models */,
				E4E8812924F401CE00FB7119 /* NetworkLayer */,
				E4E8813324F401CE00FB7119 /* Supporting Views */,
				E4E8810E24F400C700FB7119 /* Assets.xcassets */,
				E4E8811324F400C700FB7119 /* LaunchScreen.storyboard */,
				E4E8811624F400C700FB7119 /* Info.plist */,
				E4E8811024F400C700FB7119 /* Preview Content */,
			);
			path = MeteoAviso;
			sourceTree = "<group>";
		};
		E4E8811024F400C700FB7119 /* Preview Content */ = {
			isa = PBXGroup;
			children = (
				E4E8811124F400C700FB7119 /* Preview Assets.xcassets */,
			);
			path = "Preview Content";
			sourceTree = "<group>";
		};
		E4E8811C24F401CE00FB7119 /* Main Views */ = {
			isa = PBXGroup;
			children = (
				E4E8811D24F401CE00FB7119 /* RuleView.swift */,
				E4E8811E24F401CE00FB7119 /* MapView.swift */,
				E4E8811F24F401CE00FB7119 /* RulesListView.swift */,
				E4E8812024F401CE00FB7119 /* EditRuleView.swift */,
				E4E8812124F401CE00FB7119 /* StationView.swift */,
				E4E8812224F401CE00FB7119 /* ContentView.swift */,
			);
			path = "Main Views";
			sourceTree = "<group>";
		};
		E4E8812324F401CE00FB7119 /* Models */ = {
			isa = PBXGroup;
			children = (
				E4E8812424F401CE00FB7119 /* RulesList.swift */,
				E4E8812524F401CE00FB7119 /* Measurement.swift */,
				E4E8812624F401CE00FB7119 /* Station.swift */,
				E4E8812724F401CE00FB7119 /* Rule.swift */,
				E4E8812824F401CE00FB7119 /* MesasurementsList.swift */,
				E458BA9F24F5422200BE87AD /* TokenManager.swift */,
			);
			path = Models;
			sourceTree = "<group>";
		};
		E4E8812924F401CE00FB7119 /* NetworkLayer */ = {
			isa = PBXGroup;
			children = (
				E4E8812B24F401CE00FB7119 /* Agent.swift */,
				E4E8812C24F401CE00FB7119 /* MeteoAvisoAPI.swift */,
			);
			path = NetworkLayer;
			sourceTree = "<group>";
		};
		E4E8812D24F401CE00FB7119 /* Map Support */ = {
			isa = PBXGroup;
			children = (
				E4E8812F24F401CE00FB7119 /* MeasurementAnnotation.swift */,
				E4E8813024F401CE00FB7119 /* StationAnnotation.swift */,
				E4E8813124F401CE00FB7119 /* MarkerMeasurementView.swift */,
				E4E8813224F401CE00FB7119 /* LocationManager.swift */,
			);
			path = "Map Support";
			sourceTree = "<group>";
		};
		E4E8813324F401CE00FB7119 /* Supporting Views */ = {
			isa = PBXGroup;
			children = (
				E4E8813524F401CE00FB7119 /* Spinner.swift */,
				E4E8813824F401CE00FB7119 /* NavigationConfigurator.swift */,
			);
			path = "Supporting Views";
			sourceTree = "<group>";
		};
		E4E8813924F401CE00FB7119 /* App */ = {
			isa = PBXGroup;
			children = (
				E4E8813A24F401CE00FB7119 /* AppDelegate.swift */,
				E4E8813B24F401CE00FB7119 /* SceneDelegate.swift */,
				E40543D32506A2B600202146 /* Constants.swift */,
				E4C509A42515238D009B52B6 /* Banner.swift */,
			);
			path = App;
			sourceTree = "<group>";
		};
		E4E9F380250E9008009B8C58 /* Frameworks */ = {
			isa = PBXGroup;
			children = (
				E4484931250E95D30079EC0E /* GoogleAppMeasurement.framework */,
				E4484932250E95D50079EC0E /* GoogleMobileAds.framework */,
				E4484934250E95D50079EC0E /* GoogleUtilities.xcframework */,
				E4484933250E95D50079EC0E /* nanopb.xcframework */,
				E4484939250E96E90079EC0E /* PromisesObjC.xcframework */,
			);
			name = Frameworks;
			sourceTree = "<group>";
		};
/* End PBXGroup section */

/* Begin PBXNativeTarget section */
		E4E8810424F400C500FB7119 /* MeteoAviso */ = {
			isa = PBXNativeTarget;
			buildConfigurationList = E4E8811924F400C700FB7119 /* Build configuration list for PBXNativeTarget "MeteoAviso" */;
			buildPhases = (
				E4E8810124F400C500FB7119 /* Sources */,
				E4E8810224F400C500FB7119 /* Frameworks */,
				E4E8810324F400C500FB7119 /* Resources */,
			);
			buildRules = (
			);
			dependencies = (
			);
			name = MeteoAviso;
			productName = MeteoAviso;
			productReference = E4E8810524F400C500FB7119 /* MeteoAviso.app */;
			productType = "com.apple.product-type.application";
		};
/* End PBXNativeTarget section */

/* Begin PBXProject section */
		E4E880FD24F400C500FB7119 /* Project object */ = {
			isa = PBXProject;
			attributes = {
				LastSwiftUpdateCheck = 1160;
				LastUpgradeCheck = 1200;
				ORGANIZATIONNAME = "Enrique Garcia Illera";
				TargetAttributes = {
					E4E8810424F400C500FB7119 = {
						CreatedOnToolsVersion = 11.6;
					};
				};
			};
			buildConfigurationList = E4E8810024F400C500FB7119 /* Build configuration list for PBXProject "MeteoAviso" */;
			compatibilityVersion = "Xcode 9.3";
			developmentRegion = en;
			hasScannedForEncodings = 0;
			knownRegions = (
				en,
				Base,
			);
			mainGroup = E4E880FC24F400C500FB7119;
			productRefGroup = E4E8810624F400C500FB7119 /* Products */;
			projectDirPath = "";
			projectRoot = "";
			targets = (
				E4E8810424F400C500FB7119 /* MeteoAviso */,
			);
		};
/* End PBXProject section */

/* Begin PBXResourcesBuildPhase section */
		E4E8810324F400C500FB7119 /* Resources */ = {
			isa = PBXResourcesBuildPhase;
			buildActionMask = 2147483647;
			files = (
				E4E8811524F400C700FB7119 /* LaunchScreen.storyboard in Resources */,
				E4E8811224F400C700FB7119 /* Preview Assets.xcassets in Resources */,
				E4E8810F24F400C700FB7119 /* Assets.xcassets in Resources */,
			);
			runOnlyForDeploymentPostprocessing = 0;
		};
/* End PBXResourcesBuildPhase section */

/* Begin PBXSourcesBuildPhase section */
		E4E8810124F400C500FB7119 /* Sources */ = {
			isa = PBXSourcesBuildPhase;
			buildActionMask = 2147483647;
			files = (
				E4E8813C24F401CE00FB7119 /* RuleView.swift in Sources */,
				E4E8814C24F401CE00FB7119 /* StationAnnotation.swift in Sources */,
				E4E8814624F401CE00FB7119 /* MesasurementsList.swift in Sources */,
				E4E8814524F401CE00FB7119 /* Rule.swift in Sources */,
				E4E8814924F401CE00FB7119 /* MeteoAvisoAPI.swift in Sources */,
				E4C509A52515238D009B52B6 /* Banner.swift in Sources */,
				E4E8814424F401CE00FB7119 /* Station.swift in Sources */,
				E40543D42506A2B600202146 /* Constants.swift in Sources */,
				E4E8814B24F401CE00FB7119 /* MeasurementAnnotation.swift in Sources */,
				E4E8814824F401CE00FB7119 /* Agent.swift in Sources */,
				E4E8815324F401CE00FB7119 /* NavigationConfigurator.swift in Sources */,
				E4E8815024F401CE00FB7119 /* Spinner.swift in Sources */,
				E4E8815424F401CE00FB7119 /* AppDelegate.swift in Sources */,
				E4E8813D24F401CE00FB7119 /* MapView.swift in Sources */,
				E4E8814324F401CE00FB7119 /* Measurement.swift in Sources */,
				E4E8814124F401CE00FB7119 /* ContentView.swift in Sources */,
				E4E8814D24F401CE00FB7119 /* MarkerMeasurementView.swift in Sources */,
				E4E8813F24F401CE00FB7119 /* EditRuleView.swift in Sources */,
				E4E8813E24F401CE00FB7119 /* RulesListView.swift in Sources */,
				E4E8815524F401CE00FB7119 /* SceneDelegate.swift in Sources */,
				E458BAA024F5422200BE87AD /* TokenManager.swift in Sources */,
				E4E8814024F401CE00FB7119 /* StationView.swift in Sources */,
				E4E8814E24F401CE00FB7119 /* LocationManager.swift in Sources */,
				E4E8814224F401CE00FB7119 /* RulesList.swift in Sources */,
			);
			runOnlyForDeploymentPostprocessing = 0;
		};
/* End PBXSourcesBuildPhase section */

/* Begin PBXVariantGroup section */
		E4E8811324F400C700FB7119 /* LaunchScreen.storyboard */ = {
			isa = PBXVariantGroup;
			children = (
				E4E8811424F400C700FB7119 /* Base */,
			);
			name = LaunchScreen.storyboard;
			sourceTree = "<group>";
		};
/* End PBXVariantGroup section */

/* Begin XCBuildConfiguration section */
		E4E8811724F400C700FB7119 /* Debug */ = {
			isa = XCBuildConfiguration;
			buildSettings = {
				ALWAYS_SEARCH_USER_PATHS = NO;
				CLANG_ANALYZER_NONNULL = YES;
				CLANG_ANALYZER_NUMBER_OBJECT_CONVERSION = YES_AGGRESSIVE;
				CLANG_CXX_LANGUAGE_STANDARD = "gnu++14";
				CLANG_CXX_LIBRARY = "libc++";
				CLANG_ENABLE_MODULES = YES;
				CLANG_ENABLE_OBJC_ARC = YES;
				CLANG_ENABLE_OBJC_WEAK = YES;
				CLANG_WARN_BLOCK_CAPTURE_AUTORELEASING = YES;
				CLANG_WARN_BOOL_CONVERSION = YES;
				CLANG_WARN_COMMA = YES;
				CLANG_WARN_CONSTANT_CONVERSION = YES;
				CLANG_WARN_DEPRECATED_OBJC_IMPLEMENTATIONS = YES;
				CLANG_WARN_DIRECT_OBJC_ISA_USAGE = YES_ERROR;
				CLANG_WARN_DOCUMENTATION_COMMENTS = YES;
				CLANG_WARN_EMPTY_BODY = YES;
				CLANG_WARN_ENUM_CONVERSION = YES;
				CLANG_WARN_INFINITE_RECURSION = YES;
				CLANG_WARN_INT_CONVERSION = YES;
				CLANG_WARN_NON_LITERAL_NULL_CONVERSION = YES;
				CLANG_WARN_OBJC_IMPLICIT_RETAIN_SELF = YES;
				CLANG_WARN_OBJC_LITERAL_CONVERSION = YES;
				CLANG_WARN_OBJC_ROOT_CLASS = YES_ERROR;
				CLANG_WARN_QUOTED_INCLUDE_IN_FRAMEWORK_HEADER = YES;
				CLANG_WARN_RANGE_LOOP_ANALYSIS = YES;
				CLANG_WARN_STRICT_PROTOTYPES = YES;
				CLANG_WARN_SUSPICIOUS_MOVE = YES;
				CLANG_WARN_UNGUARDED_AVAILABILITY = YES_AGGRESSIVE;
				CLANG_WARN_UNREACHABLE_CODE = YES;
				CLANG_WARN__DUPLICATE_METHOD_MATCH = YES;
				COPY_PHASE_STRIP = NO;
				DEBUG_INFORMATION_FORMAT = dwarf;
				ENABLE_STRICT_OBJC_MSGSEND = YES;
				ENABLE_TESTABILITY = YES;
				GCC_C_LANGUAGE_STANDARD = gnu11;
				GCC_DYNAMIC_NO_PIC = NO;
				GCC_NO_COMMON_BLOCKS = YES;
				GCC_OPTIMIZATION_LEVEL = 0;
				GCC_PREPROCESSOR_DEFINITIONS = (
					"DEBUG=1",
					"$(inherited)",
				);
				GCC_WARN_64_TO_32_BIT_CONVERSION = YES;
				GCC_WARN_ABOUT_RETURN_TYPE = YES_ERROR;
				GCC_WARN_UNDECLARED_SELECTOR = YES;
				GCC_WARN_UNINITIALIZED_AUTOS = YES_AGGRESSIVE;
				GCC_WARN_UNUSED_FUNCTION = YES;
				GCC_WARN_UNUSED_VARIABLE = YES;
				IPHONEOS_DEPLOYMENT_TARGET = 13.0;
				MTL_ENABLE_DEBUG_INFO = INCLUDE_SOURCE;
				MTL_FAST_MATH = YES;
				ONLY_ACTIVE_ARCH = YES;
				SDKROOT = iphoneos;
				SWIFT_ACTIVE_COMPILATION_CONDITIONS = DEBUG;
				SWIFT_OPTIMIZATION_LEVEL = "-Onone";
			};
			name = Debug;
		};
		E4E8811824F400C700FB7119 /* Release */ = {
			isa = XCBuildConfiguration;
			buildSettings = {
				ALWAYS_SEARCH_USER_PATHS = NO;
				CLANG_ANALYZER_NONNULL = YES;
				CLANG_ANALYZER_NUMBER_OBJECT_CONVERSION = YES_AGGRESSIVE;
				CLANG_CXX_LANGUAGE_STANDARD = "gnu++14";
				CLANG_CXX_LIBRARY = "libc++";
				CLANG_ENABLE_MODULES = YES;
				CLANG_ENABLE_OBJC_ARC = YES;
				CLANG_ENABLE_OBJC_WEAK = YES;
				CLANG_WARN_BLOCK_CAPTURE_AUTORELEASING = YES;
				CLANG_WARN_BOOL_CONVERSION = YES;
				CLANG_WARN_COMMA = YES;
				CLANG_WARN_CONSTANT_CONVERSION = YES;
				CLANG_WARN_DEPRECATED_OBJC_IMPLEMENTATIONS = YES;
				CLANG_WARN_DIRECT_OBJC_ISA_USAGE = YES_ERROR;
				CLANG_WARN_DOCUMENTATION_COMMENTS = YES;
				CLANG_WARN_EMPTY_BODY = YES;
				CLANG_WARN_ENUM_CONVERSION = YES;
				CLANG_WARN_INFINITE_RECURSION = YES;
				CLANG_WARN_INT_CONVERSION = YES;
				CLANG_WARN_NON_LITERAL_NULL_CONVERSION = YES;
				CLANG_WARN_OBJC_IMPLICIT_RETAIN_SELF = YES;
				CLANG_WARN_OBJC_LITERAL_CONVERSION = YES;
				CLANG_WARN_OBJC_ROOT_CLASS = YES_ERROR;
				CLANG_WARN_QUOTED_INCLUDE_IN_FRAMEWORK_HEADER = YES;
				CLANG_WARN_RANGE_LOOP_ANALYSIS = YES;
				CLANG_WARN_STRICT_PROTOTYPES = YES;
				CLANG_WARN_SUSPICIOUS_MOVE = YES;
				CLANG_WARN_UNGUARDED_AVAILABILITY = YES_AGGRESSIVE;
				CLANG_WARN_UNREACHABLE_CODE = YES;
				CLANG_WARN__DUPLICATE_METHOD_MATCH = YES;
				COPY_PHASE_STRIP = NO;
				DEBUG_INFORMATION_FORMAT = "dwarf-with-dsym";
				ENABLE_NS_ASSERTIONS = NO;
				ENABLE_STRICT_OBJC_MSGSEND = YES;
				GCC_C_LANGUAGE_STANDARD = gnu11;
				GCC_NO_COMMON_BLOCKS = YES;
				GCC_WARN_64_TO_32_BIT_CONVERSION = YES;
				GCC_WARN_ABOUT_RETURN_TYPE = YES_ERROR;
				GCC_WARN_UNDECLARED_SELECTOR = YES;
				GCC_WARN_UNINITIALIZED_AUTOS = YES_AGGRESSIVE;
				GCC_WARN_UNUSED_FUNCTION = YES;
				GCC_WARN_UNUSED_VARIABLE = YES;
				IPHONEOS_DEPLOYMENT_TARGET = 13.0;
				MTL_ENABLE_DEBUG_INFO = NO;
				MTL_FAST_MATH = YES;
				SDKROOT = iphoneos;
				SWIFT_COMPILATION_MODE = wholemodule;
				SWIFT_OPTIMIZATION_LEVEL = "-O";
				VALIDATE_PRODUCT = YES;
			};
			name = Release;
		};
		E4E8811A24F400C700FB7119 /* Debug */ = {
			isa = XCBuildConfiguration;
			buildSettings = {
				ASSETCATALOG_COMPILER_APPICON_NAME = AppIcon;
				"CODE_SIGN_ENTITLEMENTS[sdk=*]" = MeteoAviso/MeteoAvisoRelease.entitlements;
				CODE_SIGN_STYLE = Automatic;
				DEVELOPMENT_ASSET_PATHS = "\"MeteoAviso/Preview Content\"";
				DEVELOPMENT_TEAM = 68DY29NLF9;
				ENABLE_BITCODE = YES;
				ENABLE_PREVIEWS = YES;
				FRAMEWORK_SEARCH_PATHS = (
					"$(inherited)",
					"$(PROJECT_DIR)",
				);
				INFOPLIST_FILE = MeteoAviso/Info.plist;
				LD_RUNPATH_SEARCH_PATHS = (
					"$(inherited)",
					"@executable_path/Frameworks",
				);
				"OTHER_LDFLAGS[arch=*]" = "-ObjC";
				PRODUCT_BUNDLE_IDENTIFIER = com.egaillera.MeteoAviso;
				PRODUCT_NAME = "$(TARGET_NAME)";
				SWIFT_VERSION = 5.0;
				TARGETED_DEVICE_FAMILY = "1,2";
			};
			name = Debug;
		};
		E4E8811B24F400C700FB7119 /* Release */ = {
			isa = XCBuildConfiguration;
			buildSettings = {
				ASSETCATALOG_COMPILER_APPICON_NAME = AppIcon;
				CODE_SIGN_ENTITLEMENTS = MeteoAviso/MeteoAvisoRelease.entitlements;
				CODE_SIGN_STYLE = Automatic;
				DEVELOPMENT_ASSET_PATHS = "\"MeteoAviso/Preview Content\"";
				DEVELOPMENT_TEAM = 68DY29NLF9;
				ENABLE_BITCODE = YES;
				ENABLE_PREVIEWS = YES;
				FRAMEWORK_SEARCH_PATHS = (
					"$(inherited)",
					"$(PROJECT_DIR)",
				);
				INFOPLIST_FILE = MeteoAviso/Info.plist;
				LD_RUNPATH_SEARCH_PATHS = (
					"$(inherited)",
					"@executable_path/Frameworks",
				);
				"OTHER_LDFLAGS[arch=*]" = "-ObjC";
				PRODUCT_BUNDLE_IDENTIFIER = com.egaillera.MeteoAviso;
				PRODUCT_NAME = "$(TARGET_NAME)";
				SWIFT_VERSION = 5.0;
				TARGETED_DEVICE_FAMILY = "1,2";
			};
			name = Release;
		};
/* End XCBuildConfiguration section */

/* Begin XCConfigurationList section */
		E4E8810024F400C500FB7119 /* Build configuration list for PBXProject "MeteoAviso" */ = {
			isa = XCConfigurationList;
			buildConfigurations = (
				E4E8811724F400C700FB7119 /* Debug */,
				E4E8811824F400C700FB7119 /* Release */,
			);
			defaultConfigurationIsVisible = 0;
			defaultConfigurationName = Release;
		};
		E4E8811924F400C700FB7119 /* Build configuration list for PBXNativeTarget "MeteoAviso" */ = {
			isa = XCConfigurationList;
			buildConfigurations = (
				E4E8811A24F400C700FB7119 /* Debug */,
				E4E8811B24F400C700FB7119 /* Release */,
			);
			defaultConfigurationIsVisible = 0;
			defaultConfigurationName = Release;
		};
/* End XCConfigurationList section */
	};
	rootObject = E4E880FD24F400C500FB7119 /* Project object */;
}
